// !$*UTF8*$!
{
	archiveVersion = 1;
	classes = {
	};
	objectVersion = 50;
	objects = {

/* Begin PBXBuildFile section */
		06B7382E22D7D8D3002923BE /* overview2.json in Resources */ = {isa = PBXBuildFile; fileRef = 06D6D4FD22D73B02000AD750 /* overview2.json */; };
		06B7382F22D7D8D3002923BE /* overview3.json in Resources */ = {isa = PBXBuildFile; fileRef = 06D6D4FA22D73B02000AD750 /* overview3.json */; };
		06B7385F22D7D967002923BE /* BSJSONValue.swift in Sources */ = {isa = PBXBuildFile; fileRef = 06B7383122D7D967002923BE /* BSJSONValue.swift */; };
		06B7386022D7D967002923BE /* BSChartAppNotifications.swift in Sources */ = {isa = PBXBuildFile; fileRef = 06B7383222D7D967002923BE /* BSChartAppNotifications.swift */; };
		06B7386122D7D967002923BE /* BSChartDateCell.swift in Sources */ = {isa = PBXBuildFile; fileRef = 06B7383422D7D967002923BE /* BSChartDateCell.swift */; };
		06B7386222D7D967002923BE /* BSChartDatesCollectionView.swift in Sources */ = {isa = PBXBuildFile; fileRef = 06B7383522D7D967002923BE /* BSChartDatesCollectionView.swift */; };
		06B7386322D7D967002923BE /* BSChartDateCell.xib in Resources */ = {isa = PBXBuildFile; fileRef = 06B7383622D7D967002923BE /* BSChartDateCell.xib */; };
		06B7386422D7D967002923BE /* BSChartDatesView.xib in Resources */ = {isa = PBXBuildFile; fileRef = 06B7383722D7D967002923BE /* BSChartDatesView.xib */; };
		06B7386522D7D967002923BE /* BSChartDatesDataSource.swift in Sources */ = {isa = PBXBuildFile; fileRef = 06B7383822D7D967002923BE /* BSChartDatesDataSource.swift */; };
		06B7386622D7D967002923BE /* BSChartDatesView.swift in Sources */ = {isa = PBXBuildFile; fileRef = 06B7383922D7D967002923BE /* BSChartDatesView.swift */; };
		06B7386722D7D967002923BE /* BSChartObject.swift in Sources */ = {isa = PBXBuildFile; fileRef = 06B7383A22D7D967002923BE /* BSChartObject.swift */; };
		06B7386822D7D967002923BE /* BSChartBaseView.swift in Sources */ = {isa = PBXBuildFile; fileRef = 06B7383B22D7D967002923BE /* BSChartBaseView.swift */; };
		06B7386922D7D967002923BE /* BSChartCell.swift in Sources */ = {isa = PBXBuildFile; fileRef = 06B7383D22D7D967002923BE /* BSChartCell.swift */; };
		06B7386A22D7D967002923BE /* BSChartTitlesCell.xib in Resources */ = {isa = PBXBuildFile; fileRef = 06B7383E22D7D967002923BE /* BSChartTitlesCell.xib */; };
		06B7386B22D7D967002923BE /* BSChartTitlesCell.swift in Sources */ = {isa = PBXBuildFile; fileRef = 06B7383F22D7D967002923BE /* BSChartTitlesCell.swift */; };
		06B7386C22D7D967002923BE /* BSChartBaseCell.swift in Sources */ = {isa = PBXBuildFile; fileRef = 06B7384022D7D967002923BE /* BSChartBaseCell.swift */; };
		06B7386D22D7D967002923BE /* BSChartCell.xib in Resources */ = {isa = PBXBuildFile; fileRef = 06B7384122D7D967002923BE /* BSChartCell.xib */; };
		06B7386E22D7D967002923BE /* BSChartDetailsDataSource.swift in Sources */ = {isa = PBXBuildFile; fileRef = 06B7384322D7D967002923BE /* BSChartDetailsDataSource.swift */; };
		06B7386F22D7D967002923BE /* BSChartView.swift in Sources */ = {isa = PBXBuildFile; fileRef = 06B7384422D7D967002923BE /* BSChartView.swift */; };
		06B7387022D7D967002923BE /* BSChartDetailsCell.swift in Sources */ = {isa = PBXBuildFile; fileRef = 06B7384522D7D967002923BE /* BSChartDetailsCell.swift */; };
		06B7387122D7D967002923BE /* BSChartDetailsCell.xib in Resources */ = {isa = PBXBuildFile; fileRef = 06B7384622D7D967002923BE /* BSChartDetailsCell.xib */; };
		06B7387222D7D967002923BE /* BSChartDetailsTableView.swift in Sources */ = {isa = PBXBuildFile; fileRef = 06B7384722D7D967002923BE /* BSChartDetailsTableView.swift */; };
		06B7387322D7D967002923BE /* BSChartDetailsView.swift in Sources */ = {isa = PBXBuildFile; fileRef = 06B7384822D7D967002923BE /* BSChartDetailsView.swift */; };
		06B7387422D7D967002923BE /* BSChartDetailsView.xib in Resources */ = {isa = PBXBuildFile; fileRef = 06B7384922D7D967002923BE /* BSChartDetailsView.xib */; };
		06B7387522D7D967002923BE /* BSChartDetailsDotView.swift in Sources */ = {isa = PBXBuildFile; fileRef = 06B7384A22D7D967002923BE /* BSChartDetailsDotView.swift */; };
		06B7387622D7D967002923BE /* BSChartItemsHelper.swift in Sources */ = {isa = PBXBuildFile; fileRef = 06B7384B22D7D967002923BE /* BSChartItemsHelper.swift */; };
		06B7387722D7D967002923BE /* BSChartTitlesFlowLayout.swift in Sources */ = {isa = PBXBuildFile; fileRef = 06B7384D22D7D967002923BE /* BSChartTitlesFlowLayout.swift */; };
		06B7387822D7D967002923BE /* BSChartTitlesDataSource.swift in Sources */ = {isa = PBXBuildFile; fileRef = 06B7384E22D7D967002923BE /* BSChartTitlesDataSource.swift */; };
		06B7387922D7D967002923BE /* BSChartTitlesCollectionView.swift in Sources */ = {isa = PBXBuildFile; fileRef = 06B7384F22D7D967002923BE /* BSChartTitlesCollectionView.swift */; };
		06B7387A22D7D967002923BE /* BSCheckmarkView.swift in Sources */ = {isa = PBXBuildFile; fileRef = 06B7385022D7D967002923BE /* BSCheckmarkView.swift */; };
		06B7387B22D7D967002923BE /* BSChartTitleCell.xib in Resources */ = {isa = PBXBuildFile; fileRef = 06B7385122D7D967002923BE /* BSChartTitleCell.xib */; };
		06B7387C22D7D967002923BE /* BSChartTitleCell.swift in Sources */ = {isa = PBXBuildFile; fileRef = 06B7385222D7D967002923BE /* BSChartTitleCell.swift */; };
		06B7387D22D7D967002923BE /* BSArrowView.swift in Sources */ = {isa = PBXBuildFile; fileRef = 06B7385422D7D967002923BE /* BSArrowView.swift */; };
		06B7387E22D7D967002923BE /* BSChartMapView.swift in Sources */ = {isa = PBXBuildFile; fileRef = 06B7385522D7D967002923BE /* BSChartMapView.swift */; };
		06B7387F22D7D967002923BE /* BSChartMapView.xib in Resources */ = {isa = PBXBuildFile; fileRef = 06B7385622D7D967002923BE /* BSChartMapView.xib */; };
		06B7388022D7D967002923BE /* BSColorModeManager.swift in Sources */ = {isa = PBXBuildFile; fileRef = 06B7385722D7D967002923BE /* BSColorModeManager.swift */; };
		06B7388122D7D967002923BE /* BSChartGridDataSource.swift in Sources */ = {isa = PBXBuildFile; fileRef = 06B7385922D7D967002923BE /* BSChartGridDataSource.swift */; };
		06B7388222D7D967002923BE /* BSChartGridCell.xib in Resources */ = {isa = PBXBuildFile; fileRef = 06B7385A22D7D967002923BE /* BSChartGridCell.xib */; };
		06B7388322D7D967002923BE /* BSChartGridView.swift in Sources */ = {isa = PBXBuildFile; fileRef = 06B7385B22D7D967002923BE /* BSChartGridView.swift */; };
		06B7388422D7D967002923BE /* BSChartGridCell.swift in Sources */ = {isa = PBXBuildFile; fileRef = 06B7385C22D7D967002923BE /* BSChartGridCell.swift */; };
		06B7388522D7D967002923BE /* BSChartGridView.xib in Resources */ = {isa = PBXBuildFile; fileRef = 06B7385D22D7D967002923BE /* BSChartGridView.xib */; };
		06B7388622D7D967002923BE /* BSChartGridTableView.swift in Sources */ = {isa = PBXBuildFile; fileRef = 06B7385E22D7D967002923BE /* BSChartGridTableView.swift */; };
		06D6D50922D73B02000AD750 /* AppDelegate.swift in Sources */ = {isa = PBXBuildFile; fileRef = 06D6D4F422D73B02000AD750 /* AppDelegate.swift */; };
		06D6D50B22D73B02000AD750 /* overview5.json in Resources */ = {isa = PBXBuildFile; fileRef = 06D6D4F722D73B02000AD750 /* overview5.json */; };
		06D6D50C22D73B02000AD750 /* overview4.json in Resources */ = {isa = PBXBuildFile; fileRef = 06D6D4F822D73B02000AD750 /* overview4.json */; };
		06D6D51022D73B02000AD750 /* Assets.xcassets in Resources */ = {isa = PBXBuildFile; fileRef = 06D6D4FC22D73B02000AD750 /* Assets.xcassets */; };
		06D6D51222D73B02000AD750 /* overview1.json in Resources */ = {isa = PBXBuildFile; fileRef = 06D6D4FE22D73B02000AD750 /* overview1.json */; };
		06D6D51322D73B02000AD750 /* BSChartViewController.swift in Sources */ = {isa = PBXBuildFile; fileRef = 06D6D50122D73B02000AD750 /* BSChartViewController.swift */; };
		06D6D51422D73B02000AD750 /* BSChartTableView.swift in Sources */ = {isa = PBXBuildFile; fileRef = 06D6D50222D73B02000AD750 /* BSChartTableView.swift */; };
		06D6D51522D73B02000AD750 /* BSChartDataSource.swift in Sources */ = {isa = PBXBuildFile; fileRef = 06D6D50322D73B02000AD750 /* BSChartDataSource.swift */; };
		06D6D51A22D73DFB000AD750 /* Main.storyboard in Resources */ = {isa = PBXBuildFile; fileRef = 06D6D50722D73B02000AD750 /* Main.storyboard */; };
		06D6D51B22D73DFE000AD750 /* LaunchScreen.storyboard in Resources */ = {isa = PBXBuildFile; fileRef = 06D6D50522D73B02000AD750 /* LaunchScreen.storyboard */; };
		D3FC562022DE4E430063F370 /* BSType.swift in Sources */ = {isa = PBXBuildFile; fileRef = D3FC561F22DE4E430063F370 /* BSType.swift */; };
		D3FC562222DE4E920063F370 /* BSChartItem.swift in Sources */ = {isa = PBXBuildFile; fileRef = D3FC562122DE4E920063F370 /* BSChartItem.swift */; };
		D3FC562522DE58980063F370 /* UIColor+Hex.swift in Sources */ = {isa = PBXBuildFile; fileRef = D3FC562422DE58980063F370 /* UIColor+Hex.swift */; };
/* End PBXBuildFile section */

/* Begin PBXFileReference section */
		0640077E223673F80046A44D /* BSChart.app */ = {isa = PBXFileReference; explicitFileType = wrapper.application; includeInIndex = 0; path = BSChart.app; sourceTree = BUILT_PRODUCTS_DIR; };
		06B7383122D7D967002923BE /* BSJSONValue.swift */ = {isa = PBXFileReference; fileEncoding = 4; lastKnownFileType = sourcecode.swift; path = BSJSONValue.swift; sourceTree = "<group>"; };
		06B7383222D7D967002923BE /* BSChartAppNotifications.swift */ = {isa = PBXFileReference; fileEncoding = 4; lastKnownFileType = sourcecode.swift; path = BSChartAppNotifications.swift; sourceTree = "<group>"; };
		06B7383422D7D967002923BE /* BSChartDateCell.swift */ = {isa = PBXFileReference; fileEncoding = 4; lastKnownFileType = sourcecode.swift; path = BSChartDateCell.swift; sourceTree = "<group>"; };
		06B7383522D7D967002923BE /* BSChartDatesCollectionView.swift */ = {isa = PBXFileReference; fileEncoding = 4; lastKnownFileType = sourcecode.swift; path = BSChartDatesCollectionView.swift; sourceTree = "<group>"; };
		06B7383622D7D967002923BE /* BSChartDateCell.xib */ = {isa = PBXFileReference; fileEncoding = 4; lastKnownFileType = file.xib; path = BSChartDateCell.xib; sourceTree = "<group>"; };
		06B7383722D7D967002923BE /* BSChartDatesView.xib */ = {isa = PBXFileReference; fileEncoding = 4; lastKnownFileType = file.xib; path = BSChartDatesView.xib; sourceTree = "<group>"; };
		06B7383822D7D967002923BE /* BSChartDatesDataSource.swift */ = {isa = PBXFileReference; fileEncoding = 4; lastKnownFileType = sourcecode.swift; path = BSChartDatesDataSource.swift; sourceTree = "<group>"; };
		06B7383922D7D967002923BE /* BSChartDatesView.swift */ = {isa = PBXFileReference; fileEncoding = 4; lastKnownFileType = sourcecode.swift; path = BSChartDatesView.swift; sourceTree = "<group>"; };
		06B7383A22D7D967002923BE /* BSChartObject.swift */ = {isa = PBXFileReference; fileEncoding = 4; lastKnownFileType = sourcecode.swift; path = BSChartObject.swift; sourceTree = "<group>"; };
		06B7383B22D7D967002923BE /* BSChartBaseView.swift */ = {isa = PBXFileReference; fileEncoding = 4; lastKnownFileType = sourcecode.swift; path = BSChartBaseView.swift; sourceTree = "<group>"; };
		06B7383D22D7D967002923BE /* BSChartCell.swift */ = {isa = PBXFileReference; fileEncoding = 4; lastKnownFileType = sourcecode.swift; path = BSChartCell.swift; sourceTree = "<group>"; };
		06B7383E22D7D967002923BE /* BSChartTitlesCell.xib */ = {isa = PBXFileReference; fileEncoding = 4; lastKnownFileType = file.xib; path = BSChartTitlesCell.xib; sourceTree = "<group>"; };
		06B7383F22D7D967002923BE /* BSChartTitlesCell.swift */ = {isa = PBXFileReference; fileEncoding = 4; lastKnownFileType = sourcecode.swift; path = BSChartTitlesCell.swift; sourceTree = "<group>"; };
		06B7384022D7D967002923BE /* BSChartBaseCell.swift */ = {isa = PBXFileReference; fileEncoding = 4; lastKnownFileType = sourcecode.swift; path = BSChartBaseCell.swift; sourceTree = "<group>"; };
		06B7384122D7D967002923BE /* BSChartCell.xib */ = {isa = PBXFileReference; fileEncoding = 4; lastKnownFileType = file.xib; path = BSChartCell.xib; sourceTree = "<group>"; };
		06B7384322D7D967002923BE /* BSChartDetailsDataSource.swift */ = {isa = PBXFileReference; fileEncoding = 4; lastKnownFileType = sourcecode.swift; path = BSChartDetailsDataSource.swift; sourceTree = "<group>"; };
		06B7384422D7D967002923BE /* BSChartView.swift */ = {isa = PBXFileReference; fileEncoding = 4; lastKnownFileType = sourcecode.swift; path = BSChartView.swift; sourceTree = "<group>"; };
		06B7384522D7D967002923BE /* BSChartDetailsCell.swift */ = {isa = PBXFileReference; fileEncoding = 4; lastKnownFileType = sourcecode.swift; path = BSChartDetailsCell.swift; sourceTree = "<group>"; };
		06B7384622D7D967002923BE /* BSChartDetailsCell.xib */ = {isa = PBXFileReference; fileEncoding = 4; lastKnownFileType = file.xib; path = BSChartDetailsCell.xib; sourceTree = "<group>"; };
		06B7384722D7D967002923BE /* BSChartDetailsTableView.swift */ = {isa = PBXFileReference; fileEncoding = 4; lastKnownFileType = sourcecode.swift; path = BSChartDetailsTableView.swift; sourceTree = "<group>"; };
		06B7384822D7D967002923BE /* BSChartDetailsView.swift */ = {isa = PBXFileReference; fileEncoding = 4; lastKnownFileType = sourcecode.swift; path = BSChartDetailsView.swift; sourceTree = "<group>"; };
		06B7384922D7D967002923BE /* BSChartDetailsView.xib */ = {isa = PBXFileReference; fileEncoding = 4; lastKnownFileType = file.xib; path = BSChartDetailsView.xib; sourceTree = "<group>"; };
		06B7384A22D7D967002923BE /* BSChartDetailsDotView.swift */ = {isa = PBXFileReference; fileEncoding = 4; lastKnownFileType = sourcecode.swift; path = BSChartDetailsDotView.swift; sourceTree = "<group>"; };
		06B7384B22D7D967002923BE /* BSChartItemsHelper.swift */ = {isa = PBXFileReference; fileEncoding = 4; lastKnownFileType = sourcecode.swift; path = BSChartItemsHelper.swift; sourceTree = "<group>"; };
		06B7384D22D7D967002923BE /* BSChartTitlesFlowLayout.swift */ = {isa = PBXFileReference; fileEncoding = 4; lastKnownFileType = sourcecode.swift; path = BSChartTitlesFlowLayout.swift; sourceTree = "<group>"; };
		06B7384E22D7D967002923BE /* BSChartTitlesDataSource.swift */ = {isa = PBXFileReference; fileEncoding = 4; lastKnownFileType = sourcecode.swift; path = BSChartTitlesDataSource.swift; sourceTree = "<group>"; };
		06B7384F22D7D967002923BE /* BSChartTitlesCollectionView.swift */ = {isa = PBXFileReference; fileEncoding = 4; lastKnownFileType = sourcecode.swift; path = BSChartTitlesCollectionView.swift; sourceTree = "<group>"; };
		06B7385022D7D967002923BE /* BSCheckmarkView.swift */ = {isa = PBXFileReference; fileEncoding = 4; lastKnownFileType = sourcecode.swift; path = BSCheckmarkView.swift; sourceTree = "<group>"; };
		06B7385122D7D967002923BE /* BSChartTitleCell.xib */ = {isa = PBXFileReference; fileEncoding = 4; lastKnownFileType = file.xib; path = BSChartTitleCell.xib; sourceTree = "<group>"; };
		06B7385222D7D967002923BE /* BSChartTitleCell.swift */ = {isa = PBXFileReference; fileEncoding = 4; lastKnownFileType = sourcecode.swift; path = BSChartTitleCell.swift; sourceTree = "<group>"; };
		06B7385422D7D967002923BE /* BSArrowView.swift */ = {isa = PBXFileReference; fileEncoding = 4; lastKnownFileType = sourcecode.swift; path = BSArrowView.swift; sourceTree = "<group>"; };
		06B7385522D7D967002923BE /* BSChartMapView.swift */ = {isa = PBXFileReference; fileEncoding = 4; lastKnownFileType = sourcecode.swift; path = BSChartMapView.swift; sourceTree = "<group>"; };
		06B7385622D7D967002923BE /* BSChartMapView.xib */ = {isa = PBXFileReference; fileEncoding = 4; lastKnownFileType = file.xib; path = BSChartMapView.xib; sourceTree = "<group>"; };
		06B7385722D7D967002923BE /* BSColorModeManager.swift */ = {isa = PBXFileReference; fileEncoding = 4; lastKnownFileType = sourcecode.swift; path = BSColorModeManager.swift; sourceTree = "<group>"; };
		06B7385922D7D967002923BE /* BSChartGridDataSource.swift */ = {isa = PBXFileReference; fileEncoding = 4; lastKnownFileType = sourcecode.swift; path = BSChartGridDataSource.swift; sourceTree = "<group>"; };
		06B7385A22D7D967002923BE /* BSChartGridCell.xib */ = {isa = PBXFileReference; fileEncoding = 4; lastKnownFileType = file.xib; path = BSChartGridCell.xib; sourceTree = "<group>"; };
		06B7385B22D7D967002923BE /* BSChartGridView.swift */ = {isa = PBXFileReference; fileEncoding = 4; lastKnownFileType = sourcecode.swift; path = BSChartGridView.swift; sourceTree = "<group>"; };
		06B7385C22D7D967002923BE /* BSChartGridCell.swift */ = {isa = PBXFileReference; fileEncoding = 4; lastKnownFileType = sourcecode.swift; path = BSChartGridCell.swift; sourceTree = "<group>"; };
		06B7385D22D7D967002923BE /* BSChartGridView.xib */ = {isa = PBXFileReference; fileEncoding = 4; lastKnownFileType = file.xib; path = BSChartGridView.xib; sourceTree = "<group>"; };
		06B7385E22D7D967002923BE /* BSChartGridTableView.swift */ = {isa = PBXFileReference; fileEncoding = 4; lastKnownFileType = sourcecode.swift; path = BSChartGridTableView.swift; sourceTree = "<group>"; };
		06D6D4F422D73B02000AD750 /* AppDelegate.swift */ = {isa = PBXFileReference; fileEncoding = 4; lastKnownFileType = sourcecode.swift; path = AppDelegate.swift; sourceTree = SOURCE_ROOT; };
		06D6D4F722D73B02000AD750 /* overview5.json */ = {isa = PBXFileReference; fileEncoding = 4; lastKnownFileType = text.json; path = overview5.json; sourceTree = "<group>"; };
		06D6D4F822D73B02000AD750 /* overview4.json */ = {isa = PBXFileReference; fileEncoding = 4; lastKnownFileType = text.json; path = overview4.json; sourceTree = "<group>"; };
		06D6D4FA22D73B02000AD750 /* overview3.json */ = {isa = PBXFileReference; fileEncoding = 4; lastKnownFileType = text.json; path = overview3.json; sourceTree = "<group>"; };
		06D6D4FC22D73B02000AD750 /* Assets.xcassets */ = {isa = PBXFileReference; lastKnownFileType = folder.assetcatalog; path = Assets.xcassets; sourceTree = "<group>"; };
		06D6D4FD22D73B02000AD750 /* overview2.json */ = {isa = PBXFileReference; fileEncoding = 4; lastKnownFileType = text.json; path = overview2.json; sourceTree = "<group>"; };
		06D6D4FE22D73B02000AD750 /* overview1.json */ = {isa = PBXFileReference; fileEncoding = 4; lastKnownFileType = text.json; path = overview1.json; sourceTree = "<group>"; };
		06D6D50122D73B02000AD750 /* BSChartViewController.swift */ = {isa = PBXFileReference; fileEncoding = 4; lastKnownFileType = sourcecode.swift; path = BSChartViewController.swift; sourceTree = "<group>"; };
		06D6D50222D73B02000AD750 /* BSChartTableView.swift */ = {isa = PBXFileReference; fileEncoding = 4; lastKnownFileType = sourcecode.swift; path = BSChartTableView.swift; sourceTree = "<group>"; };
		06D6D50322D73B02000AD750 /* BSChartDataSource.swift */ = {isa = PBXFileReference; fileEncoding = 4; lastKnownFileType = sourcecode.swift; path = BSChartDataSource.swift; sourceTree = "<group>"; };
		06D6D50622D73B02000AD750 /* Base */ = {isa = PBXFileReference; lastKnownFileType = file.storyboard; name = Base; path = Base.lproj/LaunchScreen.storyboard; sourceTree = "<group>"; };
		06D6D50822D73B02000AD750 /* Base */ = {isa = PBXFileReference; lastKnownFileType = file.storyboard; name = Base; path = Base.lproj/Main.storyboard; sourceTree = "<group>"; };
		06D6D51D22D73F41000AD750 /* Info.plist */ = {isa = PBXFileReference; lastKnownFileType = text.plist.xml; path = Info.plist; sourceTree = SOURCE_ROOT; };
		D3FC561F22DE4E430063F370 /* BSType.swift */ = {isa = PBXFileReference; lastKnownFileType = sourcecode.swift; path = BSType.swift; sourceTree = "<group>"; };
		D3FC562122DE4E920063F370 /* BSChartItem.swift */ = {isa = PBXFileReference; lastKnownFileType = sourcecode.swift; path = BSChartItem.swift; sourceTree = "<group>"; };
		D3FC562422DE58980063F370 /* UIColor+Hex.swift */ = {isa = PBXFileReference; lastKnownFileType = sourcecode.swift; path = "UIColor+Hex.swift"; sourceTree = "<group>"; };
/* End PBXFileReference section */

/* Begin PBXFrameworksBuildPhase section */
		0640077B223673F80046A44D /* Frameworks */ = {
			isa = PBXFrameworksBuildPhase;
			buildActionMask = 2147483647;
			files = (
			);
			runOnlyForDeploymentPostprocessing = 0;
		};
/* End PBXFrameworksBuildPhase section */

/* Begin PBXGroup section */
		06400775223673F80046A44D = {
			isa = PBXGroup;
			children = (
				06400780223673F80046A44D /* BSChart */,
				06B7383022D7D967002923BE /* BSChart */,
				0640077F223673F80046A44D /* Products */,
			);
			sourceTree = "<group>";
		};
		0640077F223673F80046A44D /* Products */ = {
			isa = PBXGroup;
			children = (
				0640077E223673F80046A44D /* BSChart.app */,
			);
			name = Products;
			sourceTree = "<group>";
		};
		06400780223673F80046A44D /* BSChart */ = {
			isa = PBXGroup;
			children = (
				06D6D50422D73B02000AD750 /* UI */,
				06D6D4FF22D73B02000AD750 /* Controller */,
				06D6D4F622D73B02000AD750 /* Resources */,
				06D6D4F422D73B02000AD750 /* AppDelegate.swift */,
				06D6D51D22D73F41000AD750 /* Info.plist */,
			);
			path = BSChart;
			sourceTree = "<group>";
		};
		06B7383022D7D967002923BE /* BSChart */ = {
			isa = PBXGroup;
			children = (
				D3FC562322DE4EC40063F370 /* Extensions */,
				D3FC561E22DE4E250063F370 /* DataObjects */,
				06B7383222D7D967002923BE /* BSChartAppNotifications.swift */,
				06B7383322D7D967002923BE /* Dates */,
				06B7383B22D7D967002923BE /* BSChartBaseView.swift */,
				06B7383C22D7D967002923BE /* Chart */,
				06B7384222D7D967002923BE /* Details */,
				06B7384B22D7D967002923BE /* BSChartItemsHelper.swift */,
				06B7384C22D7D967002923BE /* Titles */,
				06B7385322D7D967002923BE /* Map */,
				06B7385722D7D967002923BE /* BSColorModeManager.swift */,
				06B7385822D7D967002923BE /* Grid */,
			);
			name = BSChart;
			path = ../BSChart;
			sourceTree = "<group>";
		};
		06B7383322D7D967002923BE /* Dates */ = {
			isa = PBXGroup;
			children = (
				06B7383422D7D967002923BE /* BSChartDateCell.swift */,
				06B7383522D7D967002923BE /* BSChartDatesCollectionView.swift */,
				06B7383622D7D967002923BE /* BSChartDateCell.xib */,
				06B7383722D7D967002923BE /* BSChartDatesView.xib */,
				06B7383822D7D967002923BE /* BSChartDatesDataSource.swift */,
				06B7383922D7D967002923BE /* BSChartDatesView.swift */,
			);
			path = Dates;
			sourceTree = "<group>";
		};
		06B7383C22D7D967002923BE /* Chart */ = {
			isa = PBXGroup;
			children = (
				06B7383D22D7D967002923BE /* BSChartCell.swift */,
				06B7383E22D7D967002923BE /* BSChartTitlesCell.xib */,
				06B7383F22D7D967002923BE /* BSChartTitlesCell.swift */,
				06B7384022D7D967002923BE /* BSChartBaseCell.swift */,
				06B7384122D7D967002923BE /* BSChartCell.xib */,
			);
			path = Chart;
			sourceTree = "<group>";
		};
		06B7384222D7D967002923BE /* Details */ = {
			isa = PBXGroup;
			children = (
				06B7384322D7D967002923BE /* BSChartDetailsDataSource.swift */,
				06B7384422D7D967002923BE /* BSChartView.swift */,
				06B7384522D7D967002923BE /* BSChartDetailsCell.swift */,
				06B7384622D7D967002923BE /* BSChartDetailsCell.xib */,
				06B7384722D7D967002923BE /* BSChartDetailsTableView.swift */,
				06B7384822D7D967002923BE /* BSChartDetailsView.swift */,
				06B7384922D7D967002923BE /* BSChartDetailsView.xib */,
				06B7384A22D7D967002923BE /* BSChartDetailsDotView.swift */,
			);
			path = Details;
			sourceTree = "<group>";
		};
		06B7384C22D7D967002923BE /* Titles */ = {
			isa = PBXGroup;
			children = (
				06B7384D22D7D967002923BE /* BSChartTitlesFlowLayout.swift */,
				06B7384E22D7D967002923BE /* BSChartTitlesDataSource.swift */,
				06B7384F22D7D967002923BE /* BSChartTitlesCollectionView.swift */,
				06B7385022D7D967002923BE /* BSCheckmarkView.swift */,
				06B7385122D7D967002923BE /* BSChartTitleCell.xib */,
				06B7385222D7D967002923BE /* BSChartTitleCell.swift */,
			);
			path = Titles;
			sourceTree = "<group>";
		};
		06B7385322D7D967002923BE /* Map */ = {
			isa = PBXGroup;
			children = (
				06B7385422D7D967002923BE /* BSArrowView.swift */,
				06B7385522D7D967002923BE /* BSChartMapView.swift */,
				06B7385622D7D967002923BE /* BSChartMapView.xib */,
			);
			path = Map;
			sourceTree = "<group>";
		};
		06B7385822D7D967002923BE /* Grid */ = {
			isa = PBXGroup;
			children = (
				06B7385922D7D967002923BE /* BSChartGridDataSource.swift */,
				06B7385A22D7D967002923BE /* BSChartGridCell.xib */,
				06B7385B22D7D967002923BE /* BSChartGridView.swift */,
				06B7385C22D7D967002923BE /* BSChartGridCell.swift */,
				06B7385D22D7D967002923BE /* BSChartGridView.xib */,
				06B7385E22D7D967002923BE /* BSChartGridTableView.swift */,
			);
			path = Grid;
			sourceTree = "<group>";
		};
		06D6D4F622D73B02000AD750 /* Resources */ = {
			isa = PBXGroup;
			children = (
				06D6D4FE22D73B02000AD750 /* overview1.json */,
				06D6D4FD22D73B02000AD750 /* overview2.json */,
				06D6D4FA22D73B02000AD750 /* overview3.json */,
				06D6D4F822D73B02000AD750 /* overview4.json */,
				06D6D4F722D73B02000AD750 /* overview5.json */,
				06D6D4FC22D73B02000AD750 /* Assets.xcassets */,
			);
			path = Resources;
			sourceTree = SOURCE_ROOT;
		};
		06D6D4FF22D73B02000AD750 /* Controller */ = {
			isa = PBXGroup;
			children = (
				06D6D50122D73B02000AD750 /* BSChartViewController.swift */,
				06D6D50222D73B02000AD750 /* BSChartTableView.swift */,
				06D6D50322D73B02000AD750 /* BSChartDataSource.swift */,
			);
			path = Controller;
			sourceTree = SOURCE_ROOT;
		};
		06D6D50422D73B02000AD750 /* UI */ = {
			isa = PBXGroup;
			children = (
				06D6D50722D73B02000AD750 /* Main.storyboard */,
				06D6D50522D73B02000AD750 /* LaunchScreen.storyboard */,
			);
			path = UI;
			sourceTree = SOURCE_ROOT;
		};
		D3FC561E22DE4E250063F370 /* DataObjects */ = {
			isa = PBXGroup;
			children = (
				06B7383122D7D967002923BE /* BSJSONValue.swift */,
				06B7383A22D7D967002923BE /* BSChartObject.swift */,
				D3FC561F22DE4E430063F370 /* BSType.swift */,
				D3FC562122DE4E920063F370 /* BSChartItem.swift */,
			);
			path = DataObjects;
			sourceTree = "<group>";
		};
		D3FC562322DE4EC40063F370 /* Extensions */ = {
			isa = PBXGroup;
			children = (
				D3FC562422DE58980063F370 /* UIColor+Hex.swift */,
			);
			path = Extensions;
			sourceTree = "<group>";
		};
/* End PBXGroup section */

/* Begin PBXNativeTarget section */
		0640077D223673F80046A44D /* BSChart */ = {
			isa = PBXNativeTarget;
			buildConfigurationList = 06400790223673FA0046A44D /* Build configuration list for PBXNativeTarget "BSChart" */;
			buildPhases = (
				0640077A223673F80046A44D /* Sources */,
				0640077B223673F80046A44D /* Frameworks */,
				0640077C223673F80046A44D /* Resources */,
			);
			buildRules = (
			);
			dependencies = (
			);
			name = BSChart;
			productName = BSChart;
			productReference = 0640077E223673F80046A44D /* BSChart.app */;
			productType = "com.apple.product-type.application";
		};
/* End PBXNativeTarget section */

/* Begin PBXProject section */
		06400776223673F80046A44D /* Project object */ = {
			isa = PBXProject;
			attributes = {
				LastSwiftUpdateCheck = 1010;
				LastUpgradeCheck = 1020;
				ORGANIZATIONNAME = iBlacksus;
				TargetAttributes = {
					0640077D223673F80046A44D = {
						CreatedOnToolsVersion = 10.1;
					};
				};
			};
			buildConfigurationList = 06400779223673F80046A44D /* Build configuration list for PBXProject "BSChart" */;
			compatibilityVersion = "Xcode 9.3";
			developmentRegion = en;
			hasScannedForEncodings = 0;
			knownRegions = (
				en,
				Base,
			);
			mainGroup = 06400775223673F80046A44D;
			productRefGroup = 0640077F223673F80046A44D /* Products */;
			projectDirPath = "";
			projectRoot = "";
			targets = (
				0640077D223673F80046A44D /* BSChart */,
			);
		};
/* End PBXProject section */

/* Begin PBXResourcesBuildPhase section */
		0640077C223673F80046A44D /* Resources */ = {
			isa = PBXResourcesBuildPhase;
			buildActionMask = 2147483647;
			files = (
				06B7386422D7D967002923BE /* BSChartDatesView.xib in Resources */,
				06D6D51222D73B02000AD750 /* overview1.json in Resources */,
				06B7387122D7D967002923BE /* BSChartDetailsCell.xib in Resources */,
				06B7387F22D7D967002923BE /* BSChartMapView.xib in Resources */,
				06B7382F22D7D8D3002923BE /* overview3.json in Resources */,
				06B7386D22D7D967002923BE /* BSChartCell.xib in Resources */,
				06D6D50C22D73B02000AD750 /* overview4.json in Resources */,
				06D6D51022D73B02000AD750 /* Assets.xcassets in Resources */,
				06B7386322D7D967002923BE /* BSChartDateCell.xib in Resources */,
				06D6D50B22D73B02000AD750 /* overview5.json in Resources */,
				06D6D51A22D73DFB000AD750 /* Main.storyboard in Resources */,
				06B7386A22D7D967002923BE /* BSChartTitlesCell.xib in Resources */,
				06B7387B22D7D967002923BE /* BSChartTitleCell.xib in Resources */,
				06B7387422D7D967002923BE /* BSChartDetailsView.xib in Resources */,
				06B7382E22D7D8D3002923BE /* overview2.json in Resources */,
				06B7388222D7D967002923BE /* BSChartGridCell.xib in Resources */,
				06B7388522D7D967002923BE /* BSChartGridView.xib in Resources */,
				06D6D51B22D73DFE000AD750 /* LaunchScreen.storyboard in Resources */,
			);
			runOnlyForDeploymentPostprocessing = 0;
		};
/* End PBXResourcesBuildPhase section */

/* Begin PBXSourcesBuildPhase section */
		0640077A223673F80046A44D /* Sources */ = {
			isa = PBXSourcesBuildPhase;
			buildActionMask = 2147483647;
			files = (
				06B7386622D7D967002923BE /* BSChartDatesView.swift in Sources */,
				D3FC562022DE4E430063F370 /* BSType.swift in Sources */,
				06B7388622D7D967002923BE /* BSChartGridTableView.swift in Sources */,
				06B7386F22D7D967002923BE /* BSChartView.swift in Sources */,
				06B7386E22D7D967002923BE /* BSChartDetailsDataSource.swift in Sources */,
				06B7387E22D7D967002923BE /* BSChartMapView.swift in Sources */,
				D3FC562222DE4E920063F370 /* BSChartItem.swift in Sources */,
				06B7386722D7D967002923BE /* BSChartObject.swift in Sources */,
				06B7388422D7D967002923BE /* BSChartGridCell.swift in Sources */,
				06B7387722D7D967002923BE /* BSChartTitlesFlowLayout.swift in Sources */,
				06D6D51422D73B02000AD750 /* BSChartTableView.swift in Sources */,
				06B7388022D7D967002923BE /* BSColorModeManager.swift in Sources */,
				06B7385F22D7D967002923BE /* BSJSONValue.swift in Sources */,
				06B7386122D7D967002923BE /* BSChartDateCell.swift in Sources */,
				06B7386022D7D967002923BE /* BSChartAppNotifications.swift in Sources */,
				06B7388122D7D967002923BE /* BSChartGridDataSource.swift in Sources */,
				06B7387622D7D967002923BE /* BSChartItemsHelper.swift in Sources */,
				06B7386C22D7D967002923BE /* BSChartBaseCell.swift in Sources */,
				06B7387922D7D967002923BE /* BSChartTitlesCollectionView.swift in Sources */,
				06B7386222D7D967002923BE /* BSChartDatesCollectionView.swift in Sources */,
				06B7386922D7D967002923BE /* BSChartCell.swift in Sources */,
				06B7386522D7D967002923BE /* BSChartDatesDataSource.swift in Sources */,
				06B7387D22D7D967002923BE /* BSArrowView.swift in Sources */,
				06D6D50922D73B02000AD750 /* AppDelegate.swift in Sources */,
				06B7387C22D7D967002923BE /* BSChartTitleCell.swift in Sources */,
				06B7387822D7D967002923BE /* BSChartTitlesDataSource.swift in Sources */,
				D3FC562522DE58980063F370 /* UIColor+Hex.swift in Sources */,
				06B7387A22D7D967002923BE /* BSCheckmarkView.swift in Sources */,
				06B7386B22D7D967002923BE /* BSChartTitlesCell.swift in Sources */,
				06B7388322D7D967002923BE /* BSChartGridView.swift in Sources */,
				06B7386822D7D967002923BE /* BSChartBaseView.swift in Sources */,
				06B7387522D7D967002923BE /* BSChartDetailsDotView.swift in Sources */,
				06D6D51522D73B02000AD750 /* BSChartDataSource.swift in Sources */,
				06B7387022D7D967002923BE /* BSChartDetailsCell.swift in Sources */,
				06D6D51322D73B02000AD750 /* BSChartViewController.swift in Sources */,
				06B7387222D7D967002923BE /* BSChartDetailsTableView.swift in Sources */,
				06B7387322D7D967002923BE /* BSChartDetailsView.swift in Sources */,
			);
			runOnlyForDeploymentPostprocessing = 0;
		};
/* End PBXSourcesBuildPhase section */

/* Begin PBXVariantGroup section */
		06D6D50522D73B02000AD750 /* LaunchScreen.storyboard */ = {
			isa = PBXVariantGroup;
			children = (
				06D6D50622D73B02000AD750 /* Base */,
			);
			name = LaunchScreen.storyboard;
			sourceTree = "<group>";
		};
		06D6D50722D73B02000AD750 /* Main.storyboard */ = {
			isa = PBXVariantGroup;
			children = (
				06D6D50822D73B02000AD750 /* Base */,
			);
			name = Main.storyboard;
			sourceTree = "<group>";
		};
/* End PBXVariantGroup section */

/* Begin XCBuildConfiguration section */
		0640078E223673FA0046A44D /* Debug */ = {
			isa = XCBuildConfiguration;
			buildSettings = {
				ALWAYS_SEARCH_USER_PATHS = NO;
				CLANG_ANALYZER_NONNULL = YES;
				CLANG_ANALYZER_NUMBER_OBJECT_CONVERSION = YES_AGGRESSIVE;
				CLANG_CXX_LANGUAGE_STANDARD = "gnu++14";
				CLANG_CXX_LIBRARY = "libc++";
				CLANG_ENABLE_MODULES = YES;
				CLANG_ENABLE_OBJC_ARC = YES;
				CLANG_ENABLE_OBJC_WEAK = YES;
				CLANG_WARN_BLOCK_CAPTURE_AUTORELEASING = YES;
				CLANG_WARN_BOOL_CONVERSION = YES;
				CLANG_WARN_COMMA = YES;
				CLANG_WARN_CONSTANT_CONVERSION = YES;
				CLANG_WARN_DEPRECATED_OBJC_IMPLEMENTATIONS = YES;
				CLANG_WARN_DIRECT_OBJC_ISA_USAGE = YES_ERROR;
				CLANG_WARN_DOCUMENTATION_COMMENTS = YES;
				CLANG_WARN_EMPTY_BODY = YES;
				CLANG_WARN_ENUM_CONVERSION = YES;
				CLANG_WARN_INFINITE_RECURSION = YES;
				CLANG_WARN_INT_CONVERSION = YES;
				CLANG_WARN_NON_LITERAL_NULL_CONVERSION = YES;
				CLANG_WARN_OBJC_IMPLICIT_RETAIN_SELF = YES;
				CLANG_WARN_OBJC_LITERAL_CONVERSION = YES;
				CLANG_WARN_OBJC_ROOT_CLASS = YES_ERROR;
				CLANG_WARN_RANGE_LOOP_ANALYSIS = YES;
				CLANG_WARN_STRICT_PROTOTYPES = YES;
				CLANG_WARN_SUSPICIOUS_MOVE = YES;
				CLANG_WARN_UNGUARDED_AVAILABILITY = YES_AGGRESSIVE;
				CLANG_WARN_UNREACHABLE_CODE = YES;
				CLANG_WARN__DUPLICATE_METHOD_MATCH = YES;
				CODE_SIGN_IDENTITY = "iPhone Developer";
				COPY_PHASE_STRIP = NO;
				DEBUG_INFORMATION_FORMAT = dwarf;
				ENABLE_STRICT_OBJC_MSGSEND = YES;
				ENABLE_TESTABILITY = YES;
				GCC_C_LANGUAGE_STANDARD = gnu11;
				GCC_DYNAMIC_NO_PIC = NO;
				GCC_NO_COMMON_BLOCKS = YES;
				GCC_OPTIMIZATION_LEVEL = 0;
				GCC_PREPROCESSOR_DEFINITIONS = (
					"DEBUG=1",
					"$(inherited)",
				);
				GCC_WARN_64_TO_32_BIT_CONVERSION = YES;
				GCC_WARN_ABOUT_RETURN_TYPE = YES_ERROR;
				GCC_WARN_UNDECLARED_SELECTOR = YES;
				GCC_WARN_UNINITIALIZED_AUTOS = YES_AGGRESSIVE;
				GCC_WARN_UNUSED_FUNCTION = YES;
				GCC_WARN_UNUSED_VARIABLE = YES;
				IPHONEOS_DEPLOYMENT_TARGET = 11.0;
				MTL_ENABLE_DEBUG_INFO = INCLUDE_SOURCE;
				MTL_FAST_MATH = YES;
				ONLY_ACTIVE_ARCH = YES;
				SDKROOT = iphoneos;
				SWIFT_ACTIVE_COMPILATION_CONDITIONS = DEBUG;
				SWIFT_OPTIMIZATION_LEVEL = "-Onone";
			};
			name = Debug;
		};
		0640078F223673FA0046A44D /* Release */ = {
			isa = XCBuildConfiguration;
			buildSettings = {
				ALWAYS_SEARCH_USER_PATHS = NO;
				CLANG_ANALYZER_NONNULL = YES;
				CLANG_ANALYZER_NUMBER_OBJECT_CONVERSION = YES_AGGRESSIVE;
				CLANG_CXX_LANGUAGE_STANDARD = "gnu++14";
				CLANG_CXX_LIBRARY = "libc++";
				CLANG_ENABLE_MODULES = YES;
				CLANG_ENABLE_OBJC_ARC = YES;
				CLANG_ENABLE_OBJC_WEAK = YES;
				CLANG_WARN_BLOCK_CAPTURE_AUTORELEASING = YES;
				CLANG_WARN_BOOL_CONVERSION = YES;
				CLANG_WARN_COMMA = YES;
				CLANG_WARN_CONSTANT_CONVERSION = YES;
				CLANG_WARN_DEPRECATED_OBJC_IMPLEMENTATIONS = YES;
				CLANG_WARN_DIRECT_OBJC_ISA_USAGE = YES_ERROR;
				CLANG_WARN_DOCUMENTATION_COMMENTS = YES;
				CLANG_WARN_EMPTY_BODY = YES;
				CLANG_WARN_ENUM_CONVERSION = YES;
				CLANG_WARN_INFINITE_RECURSION = YES;
				CLANG_WARN_INT_CONVERSION = YES;
				CLANG_WARN_NON_LITERAL_NULL_CONVERSION = YES;
				CLANG_WARN_OBJC_IMPLICIT_RETAIN_SELF = YES;
				CLANG_WARN_OBJC_LITERAL_CONVERSION = YES;
				CLANG_WARN_OBJC_ROOT_CLASS = YES_ERROR;
				CLANG_WARN_RANGE_LOOP_ANALYSIS = YES;
				CLANG_WARN_STRICT_PROTOTYPES = YES;
				CLANG_WARN_SUSPICIOUS_MOVE = YES;
				CLANG_WARN_UNGUARDED_AVAILABILITY = YES_AGGRESSIVE;
				CLANG_WARN_UNREACHABLE_CODE = YES;
				CLANG_WARN__DUPLICATE_METHOD_MATCH = YES;
				CODE_SIGN_IDENTITY = "iPhone Developer";
				COPY_PHASE_STRIP = NO;
				DEBUG_INFORMATION_FORMAT = dwarf;
				ENABLE_NS_ASSERTIONS = NO;
				ENABLE_STRICT_OBJC_MSGSEND = YES;
				GCC_C_LANGUAGE_STANDARD = gnu11;
				GCC_NO_COMMON_BLOCKS = YES;
				GCC_WARN_64_TO_32_BIT_CONVERSION = YES;
				GCC_WARN_ABOUT_RETURN_TYPE = YES_ERROR;
				GCC_WARN_UNDECLARED_SELECTOR = YES;
				GCC_WARN_UNINITIALIZED_AUTOS = YES_AGGRESSIVE;
				GCC_WARN_UNUSED_FUNCTION = YES;
				GCC_WARN_UNUSED_VARIABLE = YES;
				IPHONEOS_DEPLOYMENT_TARGET = 11.0;
				MTL_ENABLE_DEBUG_INFO = NO;
				MTL_FAST_MATH = YES;
				SDKROOT = iphoneos;
				SWIFT_COMPILATION_MODE = wholemodule;
				SWIFT_OPTIMIZATION_LEVEL = "-Osize";
				VALIDATE_PRODUCT = YES;
			};
			name = Release;
		};
		06400791223673FA0046A44D /* Debug */ = {
			isa = XCBuildConfiguration;
			buildSettings = {
				ASSETCATALOG_COMPILER_APPICON_NAME = AppIcon;
				CODE_SIGN_STYLE = Manual;
				DEBUG_INFORMATION_FORMAT = dwarf;
				DEVELOPMENT_TEAM = 2BJ7L853CF;
				GCC_OPTIMIZATION_LEVEL = 0;
				INFOPLIST_FILE = Info.plist;
				IPHONEOS_DEPLOYMENT_TARGET = 11.0;
				LD_RUNPATH_SEARCH_PATHS = (
					"$(inherited)",
					"@executable_path/Frameworks",
				);
				PRODUCT_BUNDLE_IDENTIFIER = iBlacksus.BSChart;
				PRODUCT_NAME = "$(TARGET_NAME)";
				PROVISIONING_PROFILE_SPECIFIER = "BSChart Dev";
				SWIFT_OPTIMIZATION_LEVEL = "-Onone";
				SWIFT_VERSION = 4.2;
				TARGETED_DEVICE_FAMILY = "1,2";
			};
			name = Debug;
		};
		06400792223673FA0046A44D /* Release */ = {
			isa = XCBuildConfiguration;
			buildSettings = {
				ASSETCATALOG_COMPILER_APPICON_NAME = AppIcon;
				CODE_SIGN_IDENTITY = "iPhone Distribution";
				CODE_SIGN_STYLE = Manual;
				DEBUG_INFORMATION_FORMAT = dwarf;
				DEVELOPMENT_TEAM = 2BJ7L853CF;
				INFOPLIST_FILE = Info.plist;
				IPHONEOS_DEPLOYMENT_TARGET = 11.0;
				LD_RUNPATH_SEARCH_PATHS = (
					"$(inherited)",
					"@executable_path/Frameworks",
				);
				PRODUCT_BUNDLE_IDENTIFIER = iBlacksus.BSChart;
				PRODUCT_NAME = "$(TARGET_NAME)";
				PROVISIONING_PROFILE_SPECIFIER = "BSChart AdHoc";
				SWIFT_OPTIMIZATION_LEVEL = "-Osize";
				SWIFT_VERSION = 4.2;
				TARGETED_DEVICE_FAMILY = "1,2";
			};
			name = Release;
		};
/* End XCBuildConfiguration section */

/* Begin XCConfigurationList section */
		06400779223673F80046A44D /* Build configuration list for PBXProject "BSChart" */ = {
			isa = XCConfigurationList;
			buildConfigurations = (
				0640078E223673FA0046A44D /* Debug */,
				0640078F223673FA0046A44D /* Release */,
			);
			defaultConfigurationIsVisible = 0;
			defaultConfigurationName = Release;
		};
		06400790223673FA0046A44D /* Build configuration list for PBXNativeTarget "BSChart" */ = {
			isa = XCConfigurationList;
			buildConfigurations = (
				06400791223673FA0046A44D /* Debug */,
				06400792223673FA0046A44D /* Release */,
			);
			defaultConfigurationIsVisible = 0;
			defaultConfigurationName = Release;
		};
/* End XCConfigurationList section */
	};
	rootObject = 06400776223673F80046A44D /* Project object */;
}
